// !$*UTF8*$!
{
	archiveVersion = 1;
	classes = {
	};
	objectVersion = 48;
	objects = {

/* Begin PBXBuildFile section */
		2D05049F1FD2171800F42B89 /* AppDelegate.swift in Sources */ = {isa = PBXBuildFile; fileRef = 2D05049E1FD2171800F42B89 /* AppDelegate.swift */; };
		2D0504A11FD2171800F42B89 /* ViewController.swift in Sources */ = {isa = PBXBuildFile; fileRef = 2D0504A01FD2171800F42B89 /* ViewController.swift */; };
		2D0504A41FD2171800F42B89 /* Main.storyboard in Resources */ = {isa = PBXBuildFile; fileRef = 2D0504A21FD2171800F42B89 /* Main.storyboard */; };
		2D0504A71FD2171800F42B89 /* MakeupCollector.xcdatamodeld in Sources */ = {isa = PBXBuildFile; fileRef = 2D0504A51FD2171800F42B89 /* MakeupCollector.xcdatamodeld */; };
		2D0504A91FD2171800F42B89 /* Assets.xcassets in Resources */ = {isa = PBXBuildFile; fileRef = 2D0504A81FD2171800F42B89 /* Assets.xcassets */; };
		2D0504AC1FD2171800F42B89 /* LaunchScreen.storyboard in Resources */ = {isa = PBXBuildFile; fileRef = 2D0504AA1FD2171800F42B89 /* LaunchScreen.storyboard */; };
/* End PBXBuildFile section */

/* Begin PBXFileReference section */
		2D05049B1FD2171800F42B89 /* MakeupCollector.app */ = {isa = PBXFileReference; explicitFileType = wrapper.application; includeInIndex = 0; path = MakeupCollector.app; sourceTree = BUILT_PRODUCTS_DIR; };
		2D05049E1FD2171800F42B89 /* AppDelegate.swift */ = {isa = PBXFileReference; lastKnownFileType = sourcecode.swift; path = AppDelegate.swift; sourceTree = "<group>"; };
		2D0504A01FD2171800F42B89 /* ViewController.swift */ = {isa = PBXFileReference; lastKnownFileType = sourcecode.swift; path = ViewController.swift; sourceTree = "<group>"; };
		2D0504A31FD2171800F42B89 /* Base */ = {isa = PBXFileReference; lastKnownFileType = file.storyboard; name = Base; path = Base.lproj/Main.storyboard; sourceTree = "<group>"; };
		2D0504A61FD2171800F42B89 /* MakeupCollector.xcdatamodel */ = {isa = PBXFileReference; lastKnownFileType = wrapper.xcdatamodel; path = MakeupCollector.xcdatamodel; sourceTree = "<group>"; };
		2D0504A81FD2171800F42B89 /* Assets.xcassets */ = {isa = PBXFileReference; lastKnownFileType = folder.assetcatalog; path = Assets.xcassets; sourceTree = "<group>"; };
		2D0504AB1FD2171800F42B89 /* Base */ = {isa = PBXFileReference; lastKnownFileType = file.storyboard; name = Base; path = Base.lproj/LaunchScreen.storyboard; sourceTree = "<group>"; };
		2D0504AD1FD2171800F42B89 /* Info.plist */ = {isa = PBXFileReference; lastKnownFileType = text.plist.xml; path = Info.plist; sourceTree = "<group>"; };
/* End PBXFileReference section */

/* Begin PBXFrameworksBuildPhase section */
		2D0504981FD2171800F42B89 /* Frameworks */ = {
			isa = PBXFrameworksBuildPhase;
			buildActionMask = 2147483647;
			files = (
			);
			runOnlyForDeploymentPostprocessing = 0;
		};
/* End PBXFrameworksBuildPhase section */

/* Begin PBXGroup section */
		2D0504921FD2171800F42B89 = {
			isa = PBXGroup;
			children = (
				2D05049D1FD2171800F42B89 /* MakeupCollector */,
				2D05049C1FD2171800F42B89 /* Products */,
			);
			sourceTree = "<group>";
		};
		2D05049C1FD2171800F42B89 /* Products */ = {
			isa = PBXGroup;
			children = (
				2D05049B1FD2171800F42B89 /* MakeupCollector.app */,
			);
			name = Products;
			sourceTree = "<group>";
		};
		2D05049D1FD2171800F42B89 /* MakeupCollector */ = {
			isa = PBXGroup;
			children = (
				2D05049E1FD2171800F42B89 /* AppDelegate.swift */,
				2D0504A01FD2171800F42B89 /* ViewController.swift */,
				2D0504A21FD2171800F42B89 /* Main.storyboard */,
				2D0504A81FD2171800F42B89 /* Assets.xcassets */,
				2D0504AA1FD2171800F42B89 /* LaunchScreen.storyboard */,
				2D0504AD1FD2171800F42B89 /* Info.plist */,
				2D0504A51FD2171800F42B89 /* MakeupCollector.xcdatamodeld */,
			);
			path = MakeupCollector;
			sourceTree = "<group>";
		};
/* End PBXGroup section */

/* Begin PBXNativeTarget section */
		2D05049A1FD2171800F42B89 /* MakeupCollector */ = {
			isa = PBXNativeTarget;
			buildConfigurationList = 2D0504B01FD2171800F42B89 /* Build configuration list for PBXNativeTarget "MakeupCollector" */;
			buildPhases = (
				2D0504971FD2171800F42B89 /* Sources */,
				2D0504981FD2171800F42B89 /* Frameworks */,
				2D0504991FD2171800F42B89 /* Resources */,
			);
			buildRules = (
			);
			dependencies = (
			);
			name = MakeupCollector;
			productName = MakeupCollector;
			productReference = 2D05049B1FD2171800F42B89 /* MakeupCollector.app */;
			productType = "com.apple.product-type.application";
		};
/* End PBXNativeTarget section */

/* Begin PBXProject section */
		2D0504931FD2171800F42B89 /* Project object */ = {
			isa = PBXProject;
			attributes = {
				LastSwiftUpdateCheck = 0900;
				LastUpgradeCheck = 0900;
				ORGANIZATIONNAME = "Sophie Amin";
				TargetAttributes = {
					2D05049A1FD2171800F42B89 = {
						CreatedOnToolsVersion = 9.0;
						ProvisioningStyle = Automatic;
					};
				};
			};
			buildConfigurationList = 2D0504961FD2171800F42B89 /* Build configuration list for PBXProject "MakeupCollector" */;
			compatibilityVersion = "Xcode 8.0";
			developmentRegion = en;
			hasScannedForEncodings = 0;
			knownRegions = (
				en,
				Base,
			);
			mainGroup = 2D0504921FD2171800F42B89;
			productRefGroup = 2D05049C1FD2171800F42B89 /* Products */;
			projectDirPath = "";
			projectRoot = "";
			targets = (
				2D05049A1FD2171800F42B89 /* MakeupCollector */,
			);
		};
/* End PBXProject section */

/* Begin PBXResourcesBuildPhase section */
		2D0504991FD2171800F42B89 /* Resources */ = {
			isa = PBXResourcesBuildPhase;
			buildActionMask = 2147483647;
			files = (
				2D0504AC1FD2171800F42B89 /* LaunchScreen.storyboard in Resources */,
				2D0504A91FD2171800F42B89 /* Assets.xcassets in Resources */,
				2D0504A41FD2171800F42B89 /* Main.storyboard in Resources */,
			);
			runOnlyForDeploymentPostprocessing = 0;
		};
/* End PBXResourcesBuildPhase section */

/* Begin PBXSourcesBuildPhase section */
		2D0504971FD2171800F42B89 /* Sources */ = {
			isa = PBXSourcesBuildPhase;
			buildActionMask = 2147483647;
			files = (
				2D0504A11FD2171800F42B89 /* ViewController.swift in Sources */,
				2D0504A71FD2171800F42B89 /* MakeupCollector.xcdatamodeld in Sources */,
				2D05049F1FD2171800F42B89 /* AppDelegate.swift in Sources */,
			);
			runOnlyForDeploymentPostprocessing = 0;
		};
/* End PBXSourcesBuildPhase section */

/* Begin PBXVariantGroup section */
		2D0504A21FD2171800F42B89 /* Main.storyboard */ = {
			isa = PBXVariantGroup;
			children = (
				2D0504A31FD2171800F42B89 /* Base */,
			);
			name = Main.storyboard;
			sourceTree = "<group>";
		};
		2D0504AA1FD2171800F42B89 /* LaunchScreen.storyboard */ = {
			isa = PBXVariantGroup;
			children = (
				2D0504AB1FD2171800F42B89 /* Base */,
			);
			name = LaunchScreen.storyboard;
			sourceTree = "<group>";
		};
/* End PBXVariantGroup section */

/* Begin XCBuildConfiguration section */
		2D0504AE1FD2171800F42B89 /* Debug */ = {
			isa = XCBuildConfiguration;
			buildSettings = {
				ALWAYS_SEARCH_USER_PATHS = NO;
				CLANG_ANALYZER_NONNULL = YES;
				CLANG_ANALYZER_NUMBER_OBJECT_CONVERSION = YES_AGGRESSIVE;
				CLANG_CXX_LANGUAGE_STANDARD = "gnu++14";
				CLANG_CXX_LIBRARY = "libc++";
				CLANG_ENABLE_MODULES = YES;
				CLANG_ENABLE_OBJC_ARC = YES;
				CLANG_WARN_BLOCK_CAPTURE_AUTORELEASING = YES;
				CLANG_WARN_BOOL_CONVERSION = YES;
				CLANG_WARN_COMMA = YES;
				CLANG_WARN_CONSTANT_CONVERSION = YES;
				CLANG_WARN_DIRECT_OBJC_ISA_USAGE = YES_ERROR;
				CLANG_WARN_DOCUMENTATION_COMMENTS = YES;
				CLANG_WARN_EMPTY_BODY = YES;
				CLANG_WARN_ENUM_CONVERSION = YES;
				CLANG_WARN_INFINITE_RECURSION = YES;
				CLANG_WARN_INT_CONVERSION = YES;
				CLANG_WARN_NON_LITERAL_NULL_CONVERSION = YES;
				CLANG_WARN_OBJC_LITERAL_CONVERSION = YES;
				CLANG_WARN_OBJC_ROOT_CLASS = YES_ERROR;
				CLANG_WARN_RANGE_LOOP_ANALYSIS = YES;
				CLANG_WARN_STRICT_PROTOTYPES = YES;
				CLANG_WARN_SUSPICIOUS_MOVE = YES;
				CLANG_WARN_UNGUARDED_AVAILABILITY = YES_AGGRESSIVE;
				CLANG_WARN_UNREACHABLE_CODE = YES;
				CLANG_WARN__DUPLICATE_METHOD_MATCH = YES;
				CODE_SIGN_IDENTITY = "iPhone Developer";
				COPY_PHASE_STRIP = NO;
				DEBUG_INFORMATION_FORMAT = dwarf;
				ENABLE_STRICT_OBJC_MSGSEND = YES;
				ENABLE_TESTABILITY = YES;
				GCC_C_LANGUAGE_STANDARD = gnu11;
				GCC_DYNAMIC_NO_PIC = NO;
				GCC_NO_COMMON_BLOCKS = YES;
				GCC_OPTIMIZATION_LEVEL = 0;
				GCC_PREPROCESSOR_DEFINITIONS = (
					"DEBUG=1",
					"$(inherited)",
				);
				GCC_WARN_64_TO_32_BIT_CONVERSION = YES;
				GCC_WARN_ABOUT_RETURN_TYPE = YES_ERROR;
				GCC_WARN_UNDECLARED_SELECTOR = YES;
				GCC_WARN_UNINITIALIZED_AUTOS = YES_AGGRESSIVE;
				GCC_WARN_UNUSED_FUNCTION = YES;
				GCC_WARN_UNUSED_VARIABLE = YES;
				IPHONEOS_DEPLOYMENT_TARGET = 11.0;
				MTL_ENABLE_DEBUG_INFO = YES;
				ONLY_ACTIVE_ARCH = YES;
				SDKROOT = iphoneos;
				SWIFT_ACTIVE_COMPILATION_CONDITIONS = DEBUG;
				SWIFT_OPTIMIZATION_LEVEL = "-Onone";
			};
			name = Debug;
		};
		2D0504AF1FD2171800F42B89 /* Release */ = {
			isa = XCBuildConfiguration;
			buildSettings = {
				ALWAYS_SEARCH_USER_PATHS = NO;
				CLANG_ANALYZER_NONNULL = YES;
				CLANG_ANALYZER_NUMBER_OBJECT_CONVERSION = YES_AGGRESSIVE;
				CLANG_CXX_LANGUAGE_STANDARD = "gnu++14";
				CLANG_CXX_LIBRARY = "libc++";
				CLANG_ENABLE_MODULES = YES;
				CLANG_ENABLE_OBJC_ARC = YES;
				CLANG_WARN_BLOCK_CAPTURE_AUTORELEASING = YES;
				CLANG_WARN_BOOL_CONVERSION = YES;
				CLANG_WARN_COMMA = YES;
				CLANG_WARN_CONSTANT_CONVERSION = YES;
				CLANG_WARN_DIRECT_OBJC_ISA_USAGE = YES_ERROR;
				CLANG_WARN_DOCUMENTATION_COMMENTS = YES;
				CLANG_WARN_EMPTY_BODY = YES;
				CLANG_WARN_ENUM_CONVERSION = YES;
				CLANG_WARN_INFINITE_RECURSION = YES;
				CLANG_WARN_INT_CONVERSION = YES;
				CLANG_WARN_NON_LITERAL_NULL_CONVERSION = YES;
				CLANG_WARN_OBJC_LITERAL_CONVERSION = YES;
				CLANG_WARN_OBJC_ROOT_CLASS = YES_ERROR;
				CLANG_WARN_RANGE_LOOP_ANALYSIS = YES;
				CLANG_WARN_STRICT_PROTOTYPES = YES;
				CLANG_WARN_SUSPICIOUS_MOVE = YES;
				CLANG_WARN_UNGUARDED_AVAILABILITY = YES_AGGRESSIVE;
				CLANG_WARN_UNREACHABLE_CODE = YES;
				CLANG_WARN__DUPLICATE_METHOD_MATCH = YES;
				CODE_SIGN_IDENTITY = "iPhone Developer";
				COPY_PHASE_STRIP = NO;
				DEBUG_INFORMATION_FORMAT = "dwarf-with-dsym";
				ENABLE_NS_ASSERTIONS = NO;
				ENABLE_STRICT_OBJC_MSGSEND = YES;
				GCC_C_LANGUAGE_STANDARD = gnu11;
				GCC_NO_COMMON_BLOCKS = YES;
				GCC_WARN_64_TO_32_BIT_CONVERSION = YES;
				GCC_WARN_ABOUT_RETURN_TYPE = YES_ERROR;
				GCC_WARN_UNDECLARED_SELECTOR = YES;
				GCC_WARN_UNINITIALIZED_AUTOS = YES_AGGRESSIVE;
				GCC_WARN_UNUSED_FUNCTION = YES;
				GCC_WARN_UNUSED_VARIABLE = YES;
				IPHONEOS_DEPLOYMENT_TARGET = 11.0;
				MTL_ENABLE_DEBUG_INFO = NO;
				SDKROOT = iphoneos;
				SWIFT_OPTIMIZATION_LEVEL = "-Owholemodule";
				VALIDATE_PRODUCT = YES;
			};
			name = Release;
		};
		2D0504B11FD2171800F42B89 /* Debug */ = {
			isa = XCBuildConfiguration;
			buildSettings = {
				ASSETCATALOG_COMPILER_APPICON_NAME = AppIcon;
				CODE_SIGN_STYLE = Automatic;
				INFOPLIST_FILE = MakeupCollector/Info.plist;
				LD_RUNPATH_SEARCH_PATHS = "$(inherited) @executable_path/Frameworks";
				PRODUCT_BUNDLE_IDENTIFIER = "Sophie-Amin.MakeupCollector";
				PRODUCT_NAME = "$(TARGET_NAME)";
				SWIFT_VERSION = 4.0;
				TARGETED_DEVICE_FAMILY = "1,2";
			};
			name = Debug;
		};
		2D0504B21FD2171800F42B89 /* Release */ = {
			isa = XCBuildConfiguration;
			buildSettings = {
				ASSETCATALOG_COMPILER_APPICON_NAME = AppIcon;
				CODE_SIGN_STYLE = Automatic;
				INFOPLIST_FILE = MakeupCollector/Info.plist;
				LD_RUNPATH_SEARCH_PATHS = "$(inherited) @executable_path/Frameworks";
				PRODUCT_BUNDLE_IDENTIFIER = "Sophie-Amin.MakeupCollector";
				PRODUCT_NAME = "$(TARGET_NAME)";
				SWIFT_VERSION = 4.0;
				TARGETED_DEVICE_FAMILY = "1,2";
			};
			name = Release;
		};
/* End XCBuildConfiguration section */

/* Begin XCConfigurationList section */
		2D0504961FD2171800F42B89 /* Build configuration list for PBXProject "MakeupCollector" */ = {
			isa = XCConfigurationList;
			buildConfigurations = (
				2D0504AE1FD2171800F42B89 /* Debug */,
				2D0504AF1FD2171800F42B89 /* Release */,
			);
			defaultConfigurationIsVisible = 0;
			defaultConfigurationName = Release;
		};
		2D0504B01FD2171800F42B89 /* Build configuration list for PBXNativeTarget "MakeupCollector" */ = {
			isa = XCConfigurationList;
			buildConfigurations = (
				2D0504B11FD2171800F42B89 /* Debug */,
				2D0504B21FD2171800F42B89 /* Release */,
			);
			defaultConfigurationIsVisible = 0;
			defaultConfigurationName = Release;
		};
/* End XCConfigurationList section */

/* Begin XCVersionGroup section */
		2D0504A51FD2171800F42B89 /* MakeupCollector.xcdatamodeld */ = {
			isa = XCVersionGroup;
			children = (
				2D0504A61FD2171800F42B89 /* MakeupCollector.xcdatamodel */,
			);
			currentVersion = 2D0504A61FD2171800F42B89 /* MakeupCollector.xcdatamodel */;
			path = MakeupCollector.xcdatamodeld;
			sourceTree = "<group>";
			versionGroupType = wrapper.xcdatamodel;
		};
/* End XCVersionGroup section */
	};
	rootObject = 2D0504931FD2171800F42B89 /* Project object */;
}
